# This file is automatically @generated by Cargo.
# It is not intended for manual editing.
version = 3

[[package]]
name = "aho-corasick"
version = "0.7.18"
source = "registry+https://github.com/rust-lang/crates.io-index"
checksum = "1e37cfd5e7657ada45f742d6e99ca5788580b5c529dc78faf11ece6dc702656f"
dependencies = [
 "memchr",
]

[[package]]
name = "atty"
version = "0.2.14"
source = "registry+https://github.com/rust-lang/crates.io-index"
checksum = "d9b39be18770d11421cdb1b9947a45dd3f37e93092cbf377614828a319d5fee8"
dependencies = [
 "hermit-abi",
 "libc",
 "winapi",
]

[[package]]
name = "autocfg"
version = "1.1.0"
source = "registry+https://github.com/rust-lang/crates.io-index"
checksum = "d468802bab17cbc0cc575e9b053f41e72aa36bfa6b7f55e3529ffa43161b97fa"

[[package]]
name = "bitflags"
version = "1.3.2"
source = "registry+https://github.com/rust-lang/crates.io-index"
checksum = "bef38d45163c2f1dde094a7dfd33ccf595c92905c8f8f4fdc18d06fb1037718a"

[[package]]
name = "calloop"
version = "0.10.0"
source = "registry+https://github.com/rust-lang/crates.io-index"
checksum = "84221146483fe8a40de9af92111abd5a71ab8cf0e3c673df2b209f891a82e02e"
dependencies = [
 "log",
 "nix",
 "slotmap",
 "thiserror",
 "vec_map",
]

[[package]]
name = "cc"
version = "1.0.73"
source = "registry+https://github.com/rust-lang/crates.io-index"
checksum = "2fff2a6927b3bb87f9595d67196a70493f627687a71d87a0d692242c33f58c11"

[[package]]
name = "cfg-if"
version = "1.0.0"
source = "registry+https://github.com/rust-lang/crates.io-index"
checksum = "baf1de4339761588bc0619e3cbc0120ee582ebb74b53b4efbf79117bd2da40fd"

[[package]]
name = "dlib"
version = "0.5.0"
source = "registry+https://github.com/rust-lang/crates.io-index"
checksum = "ac1b7517328c04c2aa68422fc60a41b92208182142ed04a25879c26c8f878794"
dependencies = [
 "libloading",
]

[[package]]
name = "downcast-rs"
version = "1.2.0"
source = "registry+https://github.com/rust-lang/crates.io-index"
checksum = "9ea835d29036a4087793836fa931b08837ad5e957da9e23886b29586fb9b6650"

[[package]]
name = "env_logger"
version = "0.9.0"
source = "registry+https://github.com/rust-lang/crates.io-index"
checksum = "0b2cf0344971ee6c64c31be0d530793fba457d322dfec2810c453d0ef228f9c3"
dependencies = [
 "atty",
 "humantime",
 "log",
 "regex",
 "termcolor",
]

[[package]]
name = "futures-channel"
version = "0.3.21"
source = "registry+https://github.com/rust-lang/crates.io-index"
checksum = "c3083ce4b914124575708913bca19bfe887522d6e2e6d0952943f5eac4a74010"
dependencies = [
 "futures-core",
]

[[package]]
name = "futures-core"
version = "0.3.21"
source = "registry+https://github.com/rust-lang/crates.io-index"
checksum = "0c09fd04b7e4073ac7156a9539b57a484a8ea920f79c7c675d05d289ab6110d3"

[[package]]
name = "hermit-abi"
version = "0.1.19"
source = "registry+https://github.com/rust-lang/crates.io-index"
checksum = "62b467343b94ba476dcb2500d242dadbb39557df889310ac77c5d99100aaac33"
dependencies = [
 "libc",
]

[[package]]
name = "humantime"
version = "2.1.0"
source = "registry+https://github.com/rust-lang/crates.io-index"
checksum = "9a3a5bfb195931eeb336b2a7b4d761daec841b97f947d34394601737a7bba5e4"

[[package]]
name = "lazy_static"
version = "1.4.0"
source = "registry+https://github.com/rust-lang/crates.io-index"
checksum = "e2abad23fbc42b3700f2f279844dc832adb2b2eb069b2df918f455c4e18cc646"

[[package]]
name = "libc"
version = "0.2.126"
source = "registry+https://github.com/rust-lang/crates.io-index"
checksum = "349d5a591cd28b49e1d1037471617a32ddcda5731b99419008085f72d5a53836"

[[package]]
name = "libloading"
version = "0.7.3"
source = "registry+https://github.com/rust-lang/crates.io-index"
checksum = "efbc0f03f9a775e9f6aed295c6a1ba2253c5757a9e03d55c6caa46a681abcddd"
dependencies = [
 "cfg-if",
 "winapi",
]

[[package]]
name = "log"
version = "0.4.17"
source = "registry+https://github.com/rust-lang/crates.io-index"
checksum = "abb12e687cfb44aa40f41fc3978ef76448f9b6038cad6aef4259d3c095a2382e"
dependencies = [
 "cfg-if",
]

[[package]]
name = "memchr"
version = "2.5.0"
source = "registry+https://github.com/rust-lang/crates.io-index"
checksum = "2dffe52ecf27772e601905b7522cb4ef790d2cc203488bbd0e2fe85fcb74566d"

[[package]]
name = "memmap"
version = "0.7.0"
source = "registry+https://github.com/rust-lang/crates.io-index"
checksum = "6585fd95e7bb50d6cc31e20d4cf9afb4e2ba16c5846fc76793f11218da9c475b"
dependencies = [
 "libc",
 "winapi",
]

[[package]]
name = "memmap2"
version = "0.5.4"
source = "registry+https://github.com/rust-lang/crates.io-index"
checksum = "d5172b50c23043ff43dd53e51392f36519d9b35a8f3a410d30ece5d1aedd58ae"
dependencies = [
 "libc",
]

[[package]]
name = "memoffset"
version = "0.6.5"
source = "registry+https://github.com/rust-lang/crates.io-index"
checksum = "5aa361d4faea93603064a027415f07bd8e1d5c88c9fbf68bf56a285428fd79ce"
dependencies = [
 "autocfg",
]

[[package]]
name = "minimal-lexical"
version = "0.2.1"
source = "registry+https://github.com/rust-lang/crates.io-index"
checksum = "68354c5c6bd36d73ff3feceb05efa59b6acb7626617f4962be322a825e61f79a"

[[package]]
name = "nix"
version = "0.24.1"
source = "registry+https://github.com/rust-lang/crates.io-index"
checksum = "8f17df307904acd05aa8e32e97bb20f2a0df1728bbc2d771ae8f9a90463441e9"
dependencies = [
 "bitflags",
 "cfg-if",
 "libc",
 "memoffset",
]

[[package]]
name = "nom"
version = "7.1.1"
source = "registry+https://github.com/rust-lang/crates.io-index"
checksum = "a8903e5a29a317527874d0402f867152a3d21c908bb0b933e416c65e301d4c36"
dependencies = [
 "memchr",
 "minimal-lexical",
]

[[package]]
name = "pkg-config"
version = "0.3.25"
source = "registry+https://github.com/rust-lang/crates.io-index"
checksum = "1df8c4ec4b0627e53bdf214615ad287367e482558cf84b109250b37464dc03ae"

[[package]]
name = "proc-macro2"
version = "1.0.39"
source = "registry+https://github.com/rust-lang/crates.io-index"
checksum = "c54b25569025b7fc9651de43004ae593a75ad88543b17178aa5e1b9c4f15f56f"
dependencies = [
 "unicode-ident",
]

[[package]]
name = "quote"
version = "1.0.18"
source = "registry+https://github.com/rust-lang/crates.io-index"
checksum = "a1feb54ed693b93a84e14094943b84b7c4eae204c512b7ccb95ab0c66d278ad1"
dependencies = [
 "proc-macro2",
]

[[package]]
name = "regex"
version = "1.5.6"
source = "registry+https://github.com/rust-lang/crates.io-index"
checksum = "d83f127d94bdbcda4c8cc2e50f6f84f4b611f69c902699ca385a39c3a75f9ff1"
dependencies = [
 "aho-corasick",
 "memchr",
 "regex-syntax",
]

[[package]]
name = "regex-syntax"
version = "0.6.26"
source = "registry+https://github.com/rust-lang/crates.io-index"
checksum = "49b3de9ec5dc0a3417da371aab17d729997c15010e7fd24ff707773a33bddb64"

[[package]]
name = "scoped-tls"
version = "1.0.0"
source = "registry+https://github.com/rust-lang/crates.io-index"
checksum = "ea6a9290e3c9cf0f18145ef7ffa62d68ee0bf5fcd651017e586dc7fd5da448c2"

[[package]]
name = "slotmap"
version = "1.0.6"
source = "registry+https://github.com/rust-lang/crates.io-index"
checksum = "e1e08e261d0e8f5c43123b7adf3e4ca1690d655377ac93a03b2c9d3e98de1342"
dependencies = [
 "version_check",
]

[[package]]
name = "smallvec"
version = "1.8.0"
source = "registry+https://github.com/rust-lang/crates.io-index"
checksum = "f2dd574626839106c320a323308629dcb1acfc96e32a8cba364ddc61ac23ee83"

[[package]]
name = "smithay-client-toolkit"
version = "0.15.3"
source = "git+https://github.com/Smithay/client-toolkit.git?branch=rework-wayland-rs-0.30#59ecebf78cef99a7bbe36938a0cf38cca7ef59af"
dependencies = [
 "bitflags",
 "calloop",
 "dlib",
 "lazy_static",
 "log",
 "memmap2",
 "nix",
 "pkg-config",
 "thiserror",
 "wayland-backend 0.1.0-beta.1",
 "wayland-client 0.30.0-beta.1",
 "wayland-cursor",
 "wayland-protocols",
 "wayland-protocols-wlr",
 "xkbcommon",
]

[[package]]
name = "syn"
version = "1.0.96"
source = "registry+https://github.com/rust-lang/crates.io-index"
checksum = "0748dd251e24453cb8717f0354206b91557e4ec8703673a4b30208f2abaf1ebf"
dependencies = [
 "proc-macro2",
 "quote",
 "unicode-ident",
]

[[package]]
name = "termcolor"
version = "1.1.3"
source = "registry+https://github.com/rust-lang/crates.io-index"
checksum = "bab24d30b911b2376f3a13cc2cd443142f0c81dda04c118693e35b3835757755"
dependencies = [
 "winapi-util",
]

[[package]]
name = "thiserror"
version = "1.0.31"
source = "registry+https://github.com/rust-lang/crates.io-index"
checksum = "bd829fe32373d27f76265620b5309d0340cb8550f523c1dda251d6298069069a"
dependencies = [
 "thiserror-impl",
]

[[package]]
name = "thiserror-impl"
version = "1.0.31"
source = "registry+https://github.com/rust-lang/crates.io-index"
checksum = "0396bc89e626244658bef819e22d0cc459e795a5ebe878e6ec336d1674a8d79a"
dependencies = [
 "proc-macro2",
 "quote",
 "syn",
]

[[package]]
name = "unicode-ident"
version = "1.0.1"
source = "registry+https://github.com/rust-lang/crates.io-index"
checksum = "5bd2fe26506023ed7b5e1e315add59d6f584c621d037f9368fea9cfb988f368c"

[[package]]
name = "vec_map"
version = "0.8.2"
source = "registry+https://github.com/rust-lang/crates.io-index"
checksum = "f1bddf1187be692e79c5ffeab891132dfb0f236ed36a43c7ed39f1165ee20191"

[[package]]
name = "version_check"
version = "0.9.4"
source = "registry+https://github.com/rust-lang/crates.io-index"
checksum = "49874b5167b65d7193b8aba1567f5c7d93d001cafc34600cee003eda787e483f"

[[package]]
name = "wayland-backend"
version = "0.1.0-beta.1"
source = "registry+https://github.com/rust-lang/crates.io-index"
checksum = "8144c6b0770598dcf2869d68c905253dc2ca75eb82b5a05d07319b7835a549b3"
dependencies = [
 "cc",
 "downcast-rs",
 "log",
 "nix",
 "scoped-tls",
 "smallvec",
 "wayland-sys 0.30.0-beta.4 (registry+https://github.com/rust-lang/crates.io-index)",
]

[[package]]
name = "wayland-backend"
version = "0.1.0-beta.4"
source = "git+https://github.com/Smithay/wayland-rs.git#3bef35d472cabcc114e6af18d8bbfb9745636b09"
dependencies = [
 "cc",
 "downcast-rs",
 "log",
 "nix",
 "scoped-tls",
 "smallvec",
 "wayland-sys 0.30.0-beta.4 (git+https://github.com/Smithay/wayland-rs.git)",
]

[[package]]
name = "wayland-client"
version = "0.30.0-beta.1"
source = "registry+https://github.com/rust-lang/crates.io-index"
checksum = "76407862627732197044473ec04bf42f827e426533c929588044feb08a420ca5"
dependencies = [
 "bitflags",
 "futures-channel",
 "log",
 "nix",
 "thiserror",
 "wayland-backend 0.1.0-beta.1",
 "wayland-scanner 0.30.0-beta.4 (registry+https://github.com/rust-lang/crates.io-index)",
]

[[package]]
name = "wayland-client"
version = "0.30.0-beta.4"
source = "git+https://github.com/Smithay/wayland-rs.git#3bef35d472cabcc114e6af18d8bbfb9745636b09"
dependencies = [
 "bitflags",
 "futures-channel",
 "log",
 "nix",
 "thiserror",
 "wayland-backend 0.1.0-beta.4",
 "wayland-scanner 0.30.0-beta.4 (git+https://github.com/Smithay/wayland-rs.git)",
]

[[package]]
name = "wayland-cursor"
version = "0.30.0-beta.1"
source = "registry+https://github.com/rust-lang/crates.io-index"
checksum = "379915590d8e6920a2b4c93656a65903aca405abec4286d45e5836564b488929"
dependencies = [
 "nix",
 "wayland-client 0.30.0-beta.1",
 "xcursor",
]

[[package]]
name = "wayland-protocols"
version = "0.30.0-beta.1"
source = "registry+https://github.com/rust-lang/crates.io-index"
checksum = "0e71025a7e832712ee5d6cb4b5d65a518e804d2aa994e2405501c6d55fbca590"
dependencies = [
 "bitflags",
 "wayland-backend 0.1.0-beta.1",
 "wayland-client 0.30.0-beta.1",
 "wayland-scanner 0.30.0-beta.4 (registry+https://github.com/rust-lang/crates.io-index)",
]

[[package]]
name = "wayland-protocols-wlr"
version = "0.1.0-beta.1"
source = "registry+https://github.com/rust-lang/crates.io-index"
checksum = "d0ce8c298093d43ea9df1153298e32c005e51b4d7df2951a9f6697571f103b97"
dependencies = [
 "bitflags",
 "wayland-backend 0.1.0-beta.1",
 "wayland-client 0.30.0-beta.1",
 "wayland-protocols",
 "wayland-scanner 0.30.0-beta.4 (registry+https://github.com/rust-lang/crates.io-index)",
]

[[package]]
name = "wayland-scanner"
version = "0.30.0-beta.4"
source = "registry+https://github.com/rust-lang/crates.io-index"
checksum = "204323991a87e1c1f1a59cb613075775e944af497aa5515edd040de99e01723f"
dependencies = [
 "proc-macro2",
 "quote",
 "syn",
 "xml-rs",
]

[[package]]
name = "wayland-scanner"
version = "0.30.0-beta.4"
source = "git+https://github.com/Smithay/wayland-rs.git#3bef35d472cabcc114e6af18d8bbfb9745636b09"
dependencies = [
 "proc-macro2",
 "quote",
 "syn",
 "xml-rs",
]

[[package]]
name = "wayland-sys"
version = "0.30.0-beta.4"
source = "registry+https://github.com/rust-lang/crates.io-index"
checksum = "d27ea40a9942d6f38baa7f67afbcaa003c7d7769702d810b50fadbe0fdcaed2f"
dependencies = [
 "dlib",
 "log",
 "pkg-config",
]

[[package]]
name = "wayland-sys"
version = "0.30.0-beta.4"
source = "git+https://github.com/Smithay/wayland-rs.git#3bef35d472cabcc114e6af18d8bbfb9745636b09"
dependencies = [
 "dlib",
 "log",
 "pkg-config",
]

[[package]]
name = "winapi"
version = "0.3.9"
source = "registry+https://github.com/rust-lang/crates.io-index"
checksum = "5c839a674fcd7a98952e593242ea400abe93992746761e38641405d28b00f419"
dependencies = [
 "winapi-i686-pc-windows-gnu",
 "winapi-x86_64-pc-windows-gnu",
]

[[package]]
name = "winapi-i686-pc-windows-gnu"
version = "0.4.0"
source = "registry+https://github.com/rust-lang/crates.io-index"
checksum = "ac3b87c63620426dd9b991e5ce0329eff545bccbbb34f3be09ff6fb6ab51b7b6"

[[package]]
name = "winapi-util"
version = "0.1.5"
source = "registry+https://github.com/rust-lang/crates.io-index"
checksum = "70ec6ce85bb158151cae5e5c87f95a8e97d2c0c4b001223f33a334e3ce5de178"
dependencies = [
 "winapi",
]

[[package]]
name = "winapi-x86_64-pc-windows-gnu"
version = "0.4.0"
source = "registry+https://github.com/rust-lang/crates.io-index"
checksum = "712e227841d057c1ee1cd2fb22fa7e5a5461ae8e48fa2ca79ec42cfc1931183f"

[[package]]
name = "wlrandr"
version = "0.1.0"
dependencies = [
 "env_logger",
 "smithay-client-toolkit",
 "wayland-client 0.30.0-beta.4",
]

[[package]]
name = "xcursor"
version = "0.3.4"
source = "registry+https://github.com/rust-lang/crates.io-index"
checksum = "463705a63313cd4301184381c5e8042f0a7e9b4bb63653f216311d4ae74690b7"
dependencies = [
 "nom",
]

[[package]]
name = "xkbcommon"
version = "0.5.0-beta.0"
source = "registry+https://github.com/rust-lang/crates.io-index"
checksum = "e7b48304d2a43478ee1c7fad46579cdba7ad6126ffd0c441efacdde55fbdb228"
dependencies = [
 "libc",
 "memmap",
]

[[package]]
name = "xml-rs"
version = "0.8.4"
source = "registry+https://github.com/rust-lang/crates.io-index"
checksum = "d2d7d3948613f75c98fd9328cfdcc45acc4d360655289d0a7d4ec931392200a3"
